# This file is automatically @generated by Cargo.
# It is not intended for manual editing.
version = 4

[[package]]
name = "pqueue-client"
version = "0.1.0"
dependencies = [
 "pqueue-core",
]

[[package]]
name = "pqueue-core"
version = "0.1.0"

[[package]]
name = "pqueue-postgres"
version = "0.1.0"
dependencies = [
 "pqueue-core",
 "pqueue-storage",
]

[[package]]
name = "pqueue-service"
version = "0.1.0"
dependencies = [
 "pqueue-client",
 "pqueue-core",
 "pqueue-postgres",
 "pqueue-storage",
]

[[package]]
name = "pqueue-storage"
version = "0.1.0"
dependencies = [
 "pqueue-core",
]
